# Generated by conda-lock.
# platform: linux-aarch64
# input_hash: bbe861f34823af76b7f3e508fad0b5d3b5c7db5fe20466e59704340975d8503e
@EXPLICIT
https://conda.anaconda.org/conda-forge/linux-aarch64/libgomp-15.2.0-h8acb6b2_19.conda#c5e8a379c4a2ec2aea4ba22758c001d9
https://conda.anaconda.org/conda-forge/linux-aarch64/libzlib-1.3.2-hdc9db2a_2.conda#502006882cf5461adced436e410046d1
https://conda.anaconda.org/conda-forge/noarch/python_abi-3.14-8_cp314.conda#0539938c55b6b1a59b560e843ad864a4
https://conda.anaconda.org/conda-forge/noarch/tzdata-2025c-hc9c84f9_1.conda#ad659d0a2b3e47e38d829aa8cad2d610
https://conda.anaconda.org/conda-forge/linux-aarch64/_openmp_mutex-4.5-20_gnu.conda#468fd3bb9e1f671d36c2cbc677e56f1d
https://conda.anaconda.org/conda-forge/noarch/ca-certificates-2026.6.17-hbd8a1cb_0.conda#a9965dd99f683c5f444428f896635716
https://conda.anaconda.org/conda-forge/linux-aarch64/zstd-1.5.7-h85ac4a6_6.conda#c3655f82dcea2aa179b291e7099c1fcc
https://conda.anaconda.org/conda-forge/linux-aarch64/ld_impl_linux-aarch64-2.45.1-default_h1979696_102.conda#a21644fc4a83da26452a718dc9468d5f
https://conda.anaconda.org/conda-forge/linux-aarch64/libgcc-15.2.0-h8acb6b2_19.conda#f35b3f52d0a2ec4ffe3c89ba135cdb9a
https://conda.anaconda.org/conda-forge/linux-aarch64/bzip2-1.0.8-h4777abc_9.conda#840d8fc0d7b3209be93080bc20e07f2d
https://conda.anaconda.org/conda-forge/linux-aarch64/libexpat-2.8.1-hfae3067_1.conda#fac3b65a605cd253037fdf3daf2de8d9
https://conda.anaconda.org/conda-forge/linux-aarch64/libffi-3.5.2-h376a255_0.conda#2f364feefb6a7c00423e80dcb12db62a
https://conda.anaconda.org/conda-forge/linux-aarch64/libgfortran5-15.2.0-h1b7bec0_19.conda#779dbb494de6d3d6477cab52eb34285a
https://conda.anaconda.org/conda-forge/linux-aarch64/liblzma-5.8.3-he30d5cf_0.conda#76298a9e6d71ee6e832a8d0d7373b261
https://conda.anaconda.org/conda-forge/linux-aarch64/libmpdec-4.0.0-he30d5cf_1.conda#7b9813e885482e3ccb1fa212b86d7fd0
https://conda.anaconda.org/conda-forge/linux-aarch64/libstdcxx-15.2.0-hef695bb_19.conda#543fbc8d71f2a0baf04cf88ce96cb8bb
https://conda.anaconda.org/conda-forge/linux-aarch64/libuuid-2.42.2-h1022ec0_0.conda#58fa42bc4bc71fc329889497ec15effb
https://conda.anaconda.org/conda-forge/linux-aarch64/ncurses-6.6-hf8d1292_0.conda#b2a43456aa56fe80c2477a5094899eff
https://conda.anaconda.org/conda-forge/linux-aarch64/openssl-3.6.3-h546c87b_0.conda#fa6260b3e6eababf6ca85a7eb3336383
https://conda.anaconda.org/conda-forge/linux-aarch64/tk-8.6.13-noxft_h0dc03b3_103.conda#7fc6affb9b01e567d2ef1d05b84aa6ed
https://conda.anaconda.org/conda-forge/linux-aarch64/icu-78.3-hcab7f73_0.conda#546da38c2fa9efacf203e2ad3f987c59
https://conda.anaconda.org/conda-forge/linux-aarch64/libgfortran-15.2.0-he9431aa_19.conda#c7a5b5decf969ead5ecada83654164cf
https://conda.anaconda.org/conda-forge/linux-aarch64/readline-8.3-hb682ff5_0.conda#3d49cad61f829f4f0e0611547a9cda12
https://conda.anaconda.org/conda-forge/linux-aarch64/libopenblas-0.3.33-pthreads_h9d3fd7e_0.conda#58a66cd95e9692f08abe89f55a6f3f12
https://conda.anaconda.org/conda-forge/linux-aarch64/libsqlite-3.53.3-h10b116e_0.conda#2cd50877f494b34383af22560ced8b04
https://conda.anaconda.org/conda-forge/linux-aarch64/libblas-3.11.0-8_haddc8a3_openblas.conda#8b44dad125760faa2b3925f5a6e3112d
https://conda.anaconda.org/conda-forge/linux-aarch64/python-3.14.6-hc679e19_100_cp314.conda#416c74941d13d9f2b9e68b1a900f7f50
https://conda.anaconda.org/conda-forge/linux-aarch64/libcblas-3.11.0-8_hd72aa62_openblas.conda#76242b7ad6e43809afa8671dd609b4ed
https://conda.anaconda.org/conda-forge/linux-aarch64/liblapack-3.11.0-8_h88aeb00_openblas.conda#3af3f2aa755abc5e91351114ae214f55
https://conda.anaconda.org/conda-forge/noarch/six-1.17.0-pyhe01879c_1.conda#3339e3b65d58accf4ca4fb8748ab16b3
https://conda.anaconda.org/conda-forge/linux-aarch64/numpy-2.5.0-py314he1698a1_0.conda#10165160938f6498096bda3e0ff051ac
https://conda.anaconda.org/conda-forge/noarch/python-dateutil-2.9.0.post0-pyhe01879c_2.conda#5b8d21249ff20967101ffa321cab24e8
https://conda.anaconda.org/conda-forge/linux-aarch64/pandas-3.0.3-py314he6363bd_0.conda#ff59df46685ce96e41a5146cc8e5a673
