# Generated by conda-lock.
# platform: linux-aarch64
# input_hash: 874e3343b7ec1f71b91f286dc379bfca41a6813281eb9c83d3db6cae9bf94d1e
@EXPLICIT
https://conda.anaconda.org/conda-forge/linux-aarch64/libgomp-15.2.0-h8acb6b2_19.conda#c5e8a379c4a2ec2aea4ba22758c001d9
https://conda.anaconda.org/conda-forge/linux-aarch64/libzlib-1.3.2-hdc9db2a_2.conda#502006882cf5461adced436e410046d1
https://conda.anaconda.org/conda-forge/noarch/python_abi-3.12-8_cp312.conda#c3efd25ac4d74b1584d2f7a57195ddf1
https://conda.anaconda.org/conda-forge/noarch/tzdata-2025c-hc9c84f9_1.conda#ad659d0a2b3e47e38d829aa8cad2d610
https://conda.anaconda.org/conda-forge/linux-aarch64/_openmp_mutex-4.5-20_gnu.conda#468fd3bb9e1f671d36c2cbc677e56f1d
https://conda.anaconda.org/conda-forge/noarch/ca-certificates-2026.6.17-hbd8a1cb_0.conda#a9965dd99f683c5f444428f896635716
https://conda.anaconda.org/conda-forge/linux-aarch64/zstd-1.5.7-h85ac4a6_6.conda#c3655f82dcea2aa179b291e7099c1fcc
https://conda.anaconda.org/conda-forge/linux-aarch64/ld_impl_linux-aarch64-2.45.1-default_h1979696_102.conda#a21644fc4a83da26452a718dc9468d5f
https://conda.anaconda.org/conda-forge/linux-aarch64/libgcc-15.2.0-h8acb6b2_19.conda#f35b3f52d0a2ec4ffe3c89ba135cdb9a
https://conda.anaconda.org/conda-forge/linux-aarch64/bzip2-1.0.8-h4777abc_9.conda#840d8fc0d7b3209be93080bc20e07f2d
https://conda.anaconda.org/conda-forge/linux-aarch64/libbrotlicommon-1.2.0-he30d5cf_1.conda#8ec1d03f3000108899d1799d9964f281
https://conda.anaconda.org/conda-forge/linux-aarch64/libdeflate-1.25-h1af38f5_0.conda#a9138815598fe6b91a1d6782ca657b0c
https://conda.anaconda.org/conda-forge/linux-aarch64/libexpat-2.8.1-hfae3067_1.conda#fac3b65a605cd253037fdf3daf2de8d9
https://conda.anaconda.org/conda-forge/linux-aarch64/libffi-3.5.2-h376a255_0.conda#2f364feefb6a7c00423e80dcb12db62a
https://conda.anaconda.org/conda-forge/linux-aarch64/libgcc-ng-15.2.0-he9431aa_19.conda#770cf892e5530f43e63cadc673e85653
https://conda.anaconda.org/conda-forge/linux-aarch64/libgfortran5-15.2.0-h1b7bec0_19.conda#779dbb494de6d3d6477cab52eb34285a
https://conda.anaconda.org/conda-forge/linux-aarch64/libjpeg-turbo-3.1.4.1-he30d5cf_0.conda#a85ba48648f6868016f2741fd9170250
https://conda.anaconda.org/conda-forge/linux-aarch64/liblzma-5.8.3-he30d5cf_0.conda#76298a9e6d71ee6e832a8d0d7373b261
https://conda.anaconda.org/conda-forge/linux-aarch64/libnsl-2.0.1-h86ecc28_1.conda#d5d58b2dc3e57073fe22303f5fed4db7
https://conda.anaconda.org/conda-forge/linux-aarch64/libpng-1.6.58-h1abf092_0.conda#f51503ac45a4888bce71af9027a2ecc9
https://conda.anaconda.org/conda-forge/linux-aarch64/libstdcxx-15.2.0-hef695bb_19.conda#543fbc8d71f2a0baf04cf88ce96cb8bb
https://conda.anaconda.org/conda-forge/linux-aarch64/libuuid-2.42.2-h1022ec0_0.conda#58fa42bc4bc71fc329889497ec15effb
https://conda.anaconda.org/conda-forge/linux-aarch64/libwebp-base-1.6.0-ha2e29f5_0.conda#24e92d0942c799db387f5c9d7b81f1af
https://conda.anaconda.org/conda-forge/linux-aarch64/ncurses-6.6-hf8d1292_0.conda#b2a43456aa56fe80c2477a5094899eff
https://conda.anaconda.org/conda-forge/linux-aarch64/openssl-3.6.3-h546c87b_0.conda#fa6260b3e6eababf6ca85a7eb3336383
https://conda.anaconda.org/conda-forge/linux-aarch64/pthread-stubs-0.4-h86ecc28_1002.conda#bb5a90c93e3bac3d5690acf76b4a6386
https://conda.anaconda.org/conda-forge/linux-aarch64/tk-8.6.13-noxft_h0dc03b3_103.conda#7fc6affb9b01e567d2ef1d05b84aa6ed
https://conda.anaconda.org/conda-forge/linux-aarch64/xorg-libxau-1.0.12-he30d5cf_1.conda#1c246e1105000c3660558459e2fd6d43
https://conda.anaconda.org/conda-forge/linux-aarch64/xorg-libxdmcp-1.1.5-he30d5cf_1.conda#bff06dcde4a707339d66d45d96ceb2e2
https://conda.anaconda.org/conda-forge/linux-aarch64/yaml-0.2.5-h80f16a2_3.conda#032d8030e4a24fe1f72c74423a46fb88
https://conda.anaconda.org/conda-forge/linux-aarch64/icu-78.3-hcab7f73_0.conda#546da38c2fa9efacf203e2ad3f987c59
https://conda.anaconda.org/conda-forge/linux-aarch64/lerc-4.1.0-h52b7260_0.conda#d13423b06447113a90b5b1366d4da171
https://conda.anaconda.org/conda-forge/linux-aarch64/libbrotlidec-1.2.0-he30d5cf_1.conda#47e5b71b77bb8b47b4ecf9659492977f
https://conda.anaconda.org/conda-forge/linux-aarch64/libbrotlienc-1.2.0-he30d5cf_1.conda#6553a5d017fe14859ea8a4e6ea5def8f
https://conda.anaconda.org/conda-forge/linux-aarch64/libfreetype6-2.14.3-hdae7a39_1.conda#426cc33f8745ce11a73baf73db3954a7
https://conda.anaconda.org/conda-forge/linux-aarch64/libgfortran-15.2.0-he9431aa_19.conda#c7a5b5decf969ead5ecada83654164cf
https://conda.anaconda.org/conda-forge/linux-aarch64/libxcb-1.17.0-h262b8f6_0.conda#cd14ee5cca2464a425b1dbfc24d90db2
https://conda.anaconda.org/conda-forge/linux-aarch64/libxcrypt-4.4.36-h31becfc_1.conda#b4df5d7d4b63579d081fd3a4cf99740e
https://conda.anaconda.org/conda-forge/linux-aarch64/readline-8.3-hb682ff5_0.conda#3d49cad61f829f4f0e0611547a9cda12
https://conda.anaconda.org/conda-forge/linux-aarch64/zlib-ng-2.3.3-ha7cb516_1.conda#f731af71c723065d91b4c01bb822641b
https://conda.anaconda.org/conda-forge/linux-aarch64/brotli-bin-1.2.0-he30d5cf_1.conda#b31f6f3a888c3f8f4c5a9dafc2575187
https://conda.anaconda.org/conda-forge/linux-aarch64/libfreetype-2.14.3-h8af1aa0_1.conda#a13e600f9d18488b1fd1257344dbfdaa
https://conda.anaconda.org/conda-forge/linux-aarch64/libopenblas-0.3.33-pthreads_h9d3fd7e_0.conda#58a66cd95e9692f08abe89f55a6f3f12
https://conda.anaconda.org/conda-forge/linux-aarch64/libsqlite-3.53.3-h10b116e_0.conda#2cd50877f494b34383af22560ced8b04
https://conda.anaconda.org/conda-forge/linux-aarch64/libtiff-4.7.2-hdb009f0_0.conda#20166e2297c1cac346b544d5f6197440
https://conda.anaconda.org/conda-forge/linux-aarch64/brotli-1.2.0-hd651790_1.conda#5c933384d588a06cd8dac78ca2864aab
https://conda.anaconda.org/conda-forge/linux-aarch64/lcms2-2.19.1-h9d5b58d_1.conda#9183fda4be2b4ee5760cdb8e540439c8
https://conda.anaconda.org/conda-forge/linux-aarch64/libblas-3.11.0-8_haddc8a3_openblas.conda#8b44dad125760faa2b3925f5a6e3112d
https://conda.anaconda.org/conda-forge/linux-aarch64/openjpeg-2.5.4-h5da879a_0.conda#cea962410e327262346d48d01f05936c
https://conda.anaconda.org/conda-forge/linux-aarch64/python-3.12.13-h91f4b29_0_cpython.conda#8aed8fdbbc03a5c9f455d20ce75a9dce
https://conda.anaconda.org/conda-forge/noarch/defusedxml-0.7.1-pyhd8ed1ab_0.tar.bz2#961b3a227b437d82ad7054484cfa71b2
https://conda.anaconda.org/conda-forge/linux-aarch64/libcblas-3.11.0-8_hd72aa62_openblas.conda#76242b7ad6e43809afa8671dd609b4ed
https://conda.anaconda.org/conda-forge/linux-aarch64/liblapack-3.11.0-8_h88aeb00_openblas.conda#3af3f2aa755abc5e91351114ae214f55
https://conda.anaconda.org/conda-forge/noarch/munkres-1.1.4-pyhd8ed1ab_1.conda#37293a85a0f4f77bbd9cf7aaefc62609
https://conda.anaconda.org/conda-forge/linux-aarch64/pillow-12.3.0-py312h3b21937_0.conda#980abd80ba1e6932a8fda28012f655a3
https://conda.anaconda.org/conda-forge/linux-aarch64/pyyaml-6.0.3-py312ha4530ae_1.conda#47018c13dbb26186b577fd8bd1823a44
https://conda.anaconda.org/conda-forge/noarch/six-1.17.0-pyhe01879c_1.conda#3339e3b65d58accf4ca4fb8748ab16b3
https://conda.anaconda.org/conda-forge/noarch/typing_extensions-4.16.0-pyhcf101f3_0.conda#c70ad746c22219b9700931707482992c
https://conda.anaconda.org/conda-forge/linux-aarch64/unicodedata2-17.0.1-py312hcd1a082_0.conda#c72e6a7950d859966ae790cc844fcfdf
https://conda.anaconda.org/conda-forge/linux-aarch64/fonttools-4.63.0-py312ha4530ae_0.conda#4922a18cb643859aba71e808609cce6c
https://conda.anaconda.org/conda-forge/linux-aarch64/numpy-2.5.0-py312hce9e0af_0.conda#3999a1bf4bbe125744ade3be75392321
https://conda.anaconda.org/conda-forge/noarch/python-dateutil-2.9.0.post0-pyhe01879c_2.conda#5b8d21249ff20967101ffa321cab24e8
https://conda.anaconda.org/conda-forge/noarch/typing-extensions-4.16.0-h69aa097_0.conda#c680b5747e8c4c8f23dca0bb7042a8fc
https://conda.anaconda.org/conda-forge/noarch/fpdf2-2.8.7-pyhcf101f3_0.conda#e332d12c7d6e95e80814889102f94ed3
https://conda.anaconda.org/conda-forge/linux-aarch64/pandas-3.0.3-py312hf55c4e8_0.conda#c52993e9fec826ce29efc96292ba3c1b
