# Generated by conda-lock.
# platform: osx-arm64
# input_hash: ae89539159b110676858a37c9abe9a52ca3f3b558711154fa798f8c5d256931d
@EXPLICIT
https://conda.anaconda.org/conda-forge/noarch/python_abi-3.12-8_cp312.conda#c3efd25ac4d74b1584d2f7a57195ddf1
https://conda.anaconda.org/conda-forge/noarch/tzdata-2025c-hc9c84f9_1.conda#ad659d0a2b3e47e38d829aa8cad2d610
https://conda.anaconda.org/conda-forge/osx-arm64/bzip2-1.0.8-hd037594_9.conda#620b85a3f45526a8bc4d23fd78fc22f0
https://conda.anaconda.org/conda-forge/noarch/ca-certificates-2026.6.17-hbd8a1cb_0.conda#a9965dd99f683c5f444428f896635716
https://conda.anaconda.org/conda-forge/osx-arm64/libbrotlicommon-1.2.0-hc919400_1.conda#006e7ddd8a110771134fcc4e1e3a6ffa
https://conda.anaconda.org/conda-forge/osx-arm64/libcxx-22.1.8-h55c6f16_0.conda#89f76a2a21a3ec3ec983b5eb237c4113
https://conda.anaconda.org/conda-forge/osx-arm64/libdeflate-1.25-hc11a715_0.conda#a6130c709305cd9828b4e1bd9ba0000c
https://conda.anaconda.org/conda-forge/osx-arm64/libexpat-2.8.1-hf6b4638_1.conda#a915151d5d3c5bf039f5ccc8402a436f
https://conda.anaconda.org/conda-forge/osx-arm64/libffi-3.5.2-hcf2aa1b_0.conda#43c04d9cb46ef176bb2a4c77e324d599
https://conda.anaconda.org/conda-forge/osx-arm64/libjpeg-turbo-3.1.4.1-h84a0fba_0.conda#b8a7544c83a67258b0e8592ec6a5d322
https://conda.anaconda.org/conda-forge/osx-arm64/liblzma-5.8.3-h8088a28_0.conda#b1fd823b5ae54fbec272cea0811bd8a9
https://conda.anaconda.org/conda-forge/osx-arm64/libwebp-base-1.6.0-h07db88b_0.conda#e5e7d467f80da752be17796b87fe6385
https://conda.anaconda.org/conda-forge/osx-arm64/libzlib-1.3.2-h8088a28_2.conda#bc5a5721b6439f2f62a84f2548136082
https://conda.anaconda.org/conda-forge/osx-arm64/llvm-openmp-22.1.8-hc7d1edf_0.conda#a9c118f6343fb6301b6f3b4e94c4c562
https://conda.anaconda.org/conda-forge/osx-arm64/ncurses-6.6-h1d4f5a5_0.conda#343d10ed5b44030a2f67193905aea159
https://conda.anaconda.org/conda-forge/osx-arm64/pthread-stubs-0.4-hd74edd7_1002.conda#415816daf82e0b23a736a069a75e9da7
https://conda.anaconda.org/conda-forge/osx-arm64/xorg-libxau-1.0.12-hc919400_1.conda#78b548eed8227a689f93775d5d23ae09
https://conda.anaconda.org/conda-forge/osx-arm64/xorg-libxdmcp-1.1.5-hc919400_1.conda#9d1299ace1924aa8f4e0bc8e71dd0cf7
https://conda.anaconda.org/conda-forge/osx-arm64/yaml-0.2.5-h925e9cb_3.conda#78a0fe9e9c50d2c381e8ee47e3ea437d
https://conda.anaconda.org/conda-forge/osx-arm64/_openmp_mutex-4.5-7_kmp_llvm.conda#a44032f282e7d2acdeb1c240308052dd
https://conda.anaconda.org/conda-forge/osx-arm64/lerc-4.1.0-h1eee2c3_0.conda#095e5749868adab9cae42d4b460e5443
https://conda.anaconda.org/conda-forge/osx-arm64/libbrotlidec-1.2.0-hc919400_1.conda#079e88933963f3f149054eec2c487bc2
https://conda.anaconda.org/conda-forge/osx-arm64/libbrotlienc-1.2.0-hc919400_1.conda#b2b7c8288ca1a2d71ff97a8e6a1e8883
https://conda.anaconda.org/conda-forge/osx-arm64/libpng-1.6.58-h132b30e_0.conda#2259ae0949dbe20c0665850365109b27
https://conda.anaconda.org/conda-forge/osx-arm64/libsqlite-3.53.3-h1b79a29_0.conda#7184d95871a58b8258a8ea124ed5aabc
https://conda.anaconda.org/conda-forge/osx-arm64/libxcb-1.17.0-hdb1d25a_0.conda#af523aae2eca6dfa1c8eec693f5b9a79
https://conda.anaconda.org/conda-forge/osx-arm64/openssl-3.6.3-hd24854e_0.conda#8187a86242741725bfa74785fe812979
https://conda.anaconda.org/conda-forge/osx-arm64/readline-8.3-h46df422_0.conda#f8381319127120ce51e081dce4865cf4
https://conda.anaconda.org/conda-forge/osx-arm64/tk-8.6.13-h010d191_3.conda#a9d86bc62f39b94c4661716624eb21b0
https://conda.anaconda.org/conda-forge/osx-arm64/zlib-ng-2.3.3-hed4e4f5_1.conda#d99c2a23a31b0172e90f456f580b695e
https://conda.anaconda.org/conda-forge/osx-arm64/zstd-1.5.7-hbf9d68e_6.conda#ab136e4c34e97f34fb621d2592a393d8
https://conda.anaconda.org/conda-forge/osx-arm64/brotli-bin-1.2.0-hc919400_1.conda#377d015c103ad7f3371be1777f8b584c
https://conda.anaconda.org/conda-forge/osx-arm64/libfreetype6-2.14.3-hdfa99f5_1.conda#a0bb0678f67c464938d3693fa96f6884
https://conda.anaconda.org/conda-forge/osx-arm64/libgcc-15.2.0-hcbb3090_19.conda#644058123986582db33aebd4ae2ca184
https://conda.anaconda.org/conda-forge/osx-arm64/libtiff-4.7.2-h282da08_0.conda#6fa87106b3c041ad6d965a9411e79b94
https://conda.anaconda.org/conda-forge/osx-arm64/python-3.12.13-h8561d8f_0_cpython.conda#8e7608172fa4d1b90de9a745c2fd2b81
https://conda.anaconda.org/conda-forge/osx-arm64/brotli-1.2.0-h7d5ae5b_1.conda#48ece20aa479be6ac9a284772827d00c
https://conda.anaconda.org/conda-forge/noarch/defusedxml-0.7.1-pyhd8ed1ab_0.tar.bz2#961b3a227b437d82ad7054484cfa71b2
https://conda.anaconda.org/conda-forge/osx-arm64/lcms2-2.19.1-hdfa7624_1.conda#d2f2c7c10e2957647d45589b7701a453
https://conda.anaconda.org/conda-forge/osx-arm64/libfreetype-2.14.3-hce30654_1.conda#0582e67cd14cfed773be2f3b1aba08e0
https://conda.anaconda.org/conda-forge/osx-arm64/libgfortran5-15.2.0-hdae7583_19.conda#ba36d8c606a6a53fe0b8c12d47267b3d
https://conda.anaconda.org/conda-forge/noarch/munkres-1.1.4-pyhd8ed1ab_1.conda#37293a85a0f4f77bbd9cf7aaefc62609
https://conda.anaconda.org/conda-forge/osx-arm64/openjpeg-2.5.4-hd9e9057_0.conda#4b5d3a91320976eec71678fad1e3569b
https://conda.anaconda.org/conda-forge/osx-arm64/pyyaml-6.0.3-py312h04c11ed_1.conda#95a5f0831b5e0b1075bbd80fcffc52ac
https://conda.anaconda.org/conda-forge/noarch/six-1.17.0-pyhe01879c_1.conda#3339e3b65d58accf4ca4fb8748ab16b3
https://conda.anaconda.org/conda-forge/noarch/typing_extensions-4.16.0-pyhcf101f3_0.conda#c70ad746c22219b9700931707482992c
https://conda.anaconda.org/conda-forge/osx-arm64/unicodedata2-17.0.1-py312h2bbb03f_0.conda#45b836f333fd3e282c16fff7dc82994e
https://conda.anaconda.org/conda-forge/osx-arm64/fonttools-4.63.0-py312h04c11ed_0.conda#77e64a600d8426c3863942f67491f5fb
https://conda.anaconda.org/conda-forge/osx-arm64/libgfortran-15.2.0-h07b0088_19.conda#1ea03f87cdb1078fbc0e2b2deb63752c
https://conda.anaconda.org/conda-forge/osx-arm64/pillow-12.3.0-py312h4e908a4_0.conda#8c6be4560fc7cded72c7d17ddbe9cea4
https://conda.anaconda.org/conda-forge/noarch/python-dateutil-2.9.0.post0-pyhe01879c_2.conda#5b8d21249ff20967101ffa321cab24e8
https://conda.anaconda.org/conda-forge/noarch/typing-extensions-4.16.0-h69aa097_0.conda#c680b5747e8c4c8f23dca0bb7042a8fc
https://conda.anaconda.org/conda-forge/noarch/fpdf2-2.8.7-pyhcf101f3_0.conda#e332d12c7d6e95e80814889102f94ed3
https://conda.anaconda.org/conda-forge/osx-arm64/libopenblas-0.3.33-openmp_he657e61_0.conda#909e41855c29f0d52ae630198cd57135
https://conda.anaconda.org/conda-forge/osx-arm64/libblas-3.11.0-8_h51639a9_openblas.conda#dbfe729181a32741ae63ecb41eefbac6
https://conda.anaconda.org/conda-forge/osx-arm64/libcblas-3.11.0-8_hb0561ab_openblas.conda#03a2ef3491da9e5b4d18c03e9f4b3109
https://conda.anaconda.org/conda-forge/osx-arm64/liblapack-3.11.0-8_hd9741b5_openblas.conda#85adeb3d469d082dbd9c8c39e36dec57
https://conda.anaconda.org/conda-forge/osx-arm64/numpy-2.5.0-py312ha003a3f_0.conda#f223ea9a1ca019ddbcfe28ce02ec366c
https://conda.anaconda.org/conda-forge/osx-arm64/pandas-3.0.3-py312h6510ced_0.conda#4581a32b837950217327fcab93214313
