# Generated by conda-lock.
# platform: osx-64
# input_hash: a4dc3d5226fac399778e210eb2f986a15baee303b9cdfa8f6fd2c63ca812d446
@EXPLICIT
https://conda.anaconda.org/conda-forge/osx-64/bzip2-1.0.8-h10d778d_5.conda#6097a6ca9ada32699b5fc4312dd6ef18
https://conda.anaconda.org/conda-forge/osx-64/libcxx-16.0.6-hd57cbcb_0.conda#7d6972792161077908b62971802f289a
https://conda.anaconda.org/conda-forge/osx-64/libexpat-2.6.2-h73e2aa4_0.conda#3d1d51c8f716d97c864d12f7af329526
https://conda.anaconda.org/conda-forge/osx-64/libffi-3.4.2-h0d85af4_5.tar.bz2#ccb34fb14960ad8b125962d3d79b31a9
https://conda.anaconda.org/conda-forge/osx-64/libzlib-1.3.1-hd75f5a5_0.conda#fad941436715cc1b6f6e55a14372f70c
https://conda.anaconda.org/conda-forge/osx-64/ncurses-6.5-h5846eda_0.conda#02a888433d165c99bf09784a7b14d900
https://conda.anaconda.org/conda-forge/noarch/python_abi-3.12-8_cp312.conda#c3efd25ac4d74b1584d2f7a57195ddf1
https://conda.anaconda.org/conda-forge/noarch/tzdata-2025c-hc9c84f9_1.conda#ad659d0a2b3e47e38d829aa8cad2d610
https://conda.anaconda.org/conda-forge/osx-64/xz-5.2.6-h775f41a_0.tar.bz2#a72f9d4ea13d55d745ff1ed594747f10
https://conda.anaconda.org/conda-forge/osx-64/yaml-0.2.5-h0d85af4_2.tar.bz2#d7e08fcf8259d742156188e8762b4d20
https://conda.anaconda.org/conda-forge/noarch/ca-certificates-2026.6.17-hbd8a1cb_0.conda#a9965dd99f683c5f444428f896635716
https://conda.anaconda.org/conda-forge/osx-64/libsqlite-3.45.3-h92b6c6a_0.conda#68e462226209f35182ef66eda0f794ff
https://conda.anaconda.org/conda-forge/osx-64/readline-8.2-h7cca4af_2.conda#342570f8e02f2f022147a7f841475784
https://conda.anaconda.org/conda-forge/osx-64/tk-8.6.13-h1abcd95_1.conda#bf830ba5afc507c6232d4ef0fb1a882d
https://conda.anaconda.org/conda-forge/osx-64/zstd-1.5.5-h829000d_0.conda#80abc41d0c48b82fe0f04e7f42f5cb7e
https://conda.anaconda.org/conda-forge/osx-64/openssl-3.3.0-hd75f5a5_0.conda#eb8c33aa7929a7714eab8b90c1d88afe
https://conda.anaconda.org/conda-forge/osx-64/python-3.12.2-h9f0c242_0_cpython.conda#0179b8007ba008cf5bec11f3b3853902
https://conda.anaconda.org/conda-forge/noarch/attrs-26.1.0-pyhcf101f3_0.conda#c6b0543676ecb1fb2d7643941fe375f2
https://conda.anaconda.org/conda-forge/osx-64/brotli-python-1.1.0-py312heafc425_1.conda#a288b88f06b8bfe0dedaf5c4b6ac6b7a
https://conda.anaconda.org/conda-forge/noarch/certifi-2026.6.17-pyhd8ed1ab_0.conda#c13824fedced67005d3832c152fe9c2f
https://conda.anaconda.org/conda-forge/noarch/charset-normalizer-3.4.7-pyhd8ed1ab_0.conda#a9167b9571f3baa9d448faa2139d1089
https://conda.anaconda.org/conda-forge/noarch/hpack-4.2.0-pyhd8ed1ab_0.conda#b395909221b9bd1df066e5930e18855b
https://conda.anaconda.org/conda-forge/noarch/html5rdf-1.2.1-pyhd8ed1ab_1.conda#ec94a20bacd65fcd3d31f352e32dcb3f
https://conda.anaconda.org/conda-forge/noarch/hyperframe-6.1.0-pyhd8ed1ab_0.conda#8e6923fc12f1fe8f8c4e5c9f343256ac
https://conda.anaconda.org/conda-forge/noarch/idna-3.18-pyhcf101f3_0.conda#577b04680ae422adb86fc60d7b940659
https://conda.anaconda.org/conda-forge/noarch/isodate-0.7.2-pyhd8ed1ab_1.conda#14c42a6334f38c412449f5a5e4043a5a
https://conda.anaconda.org/conda-forge/noarch/itsdangerous-2.2.0-pyhd8ed1ab_1.conda#7ac5f795c15f288984e32add616cdc59
https://conda.anaconda.org/conda-forge/noarch/jmespath-1.1.0-pyhcf101f3_1.conda#cc73a9bd315659dc5307a5270f44786f
https://conda.anaconda.org/conda-forge/noarch/packaging-26.2-pyhc364b38_0.conda#4c06a92e74452cfa53623a81592e8934
https://conda.anaconda.org/conda-forge/noarch/platformdirs-4.10.0-pyhcf101f3_0.conda#2c5ef45db85d34799771629bd5860fd7
https://conda.anaconda.org/conda-forge/noarch/pycparser-3.0-pyhcf101f3_0.conda#9c5491066224083c41b6d5635ed7107b
https://conda.anaconda.org/conda-forge/noarch/pyparsing-3.3.2-pyhcf101f3_0.conda#3687cc0b82a8b4c17e1f0eb7e47163d5
https://conda.anaconda.org/conda-forge/noarch/pysocks-1.7.1-pyha55dd90_7.conda#461219d1a5bd61342293efa2c0c90eac
https://conda.anaconda.org/conda-forge/osx-64/pyyaml-6.0.1-py312h104f124_1.conda#260ed90aaf06061edabd7209638cf03b
https://conda.anaconda.org/conda-forge/noarch/setuptools-82.0.1-pyh332efcf_0.conda#8e194e7b992f99a5015edbd4ebd38efd
https://conda.anaconda.org/conda-forge/noarch/six-1.17.0-pyhe01879c_1.conda#3339e3b65d58accf4ca4fb8748ab16b3
https://conda.anaconda.org/conda-forge/noarch/tabulate-0.10.0-pyhcf101f3_0.conda#3b887b7b3468b0f494b4fad40178b043
https://conda.anaconda.org/conda-forge/noarch/tqdm-4.68.3-pyh8f84b5b_0.conda#65094960cb7ed216b6049aab57205902
https://conda.anaconda.org/conda-forge/noarch/typing_extensions-4.16.0-pyhcf101f3_0.conda#c70ad746c22219b9700931707482992c
https://conda.anaconda.org/conda-forge/osx-64/ujson-5.8.0-py312heafc425_0.conda#3f27bca86c8816468f4eafd7967d0b6e
https://conda.anaconda.org/conda-forge/noarch/wcwidth-0.8.2-pyhd8ed1ab_0.conda#99f7755ec8648a042b0dbe906234f888
https://conda.anaconda.org/conda-forge/noarch/zipp-4.1.0-pyhcf101f3_0.conda#ba3dcdc8584155c97c648ae9c044b7a3
https://conda.anaconda.org/conda-forge/osx-64/cffi-1.16.0-py312h38bf5a0_0.conda#a45759c013ab20b9017ef9539d234dd7
https://conda.anaconda.org/conda-forge/noarch/exceptiongroup-1.3.1-pyhd8ed1ab_0.conda#8e662bd460bda79b1ea39194e3c4c9ab
https://conda.anaconda.org/conda-forge/noarch/h2-4.3.0-pyhcf101f3_0.conda#164fc43f0b53b6e3a7bc7dce5e4f1dc9
https://conda.anaconda.org/conda-forge/noarch/importlib-metadata-9.0.0-pyhcf101f3_0.conda#ffc17e785d64e12fc311af9184221839
https://conda.anaconda.org/conda-forge/noarch/prettytable-3.18.0-pyhd8ed1ab_0.conda#5bfa6d6ff0b4dbff82268ddc83626cee
https://conda.anaconda.org/conda-forge/noarch/python-dateutil-2.9.0.post0-pyhe01879c_2.conda#5b8d21249ff20967101ffa321cab24e8
https://conda.anaconda.org/conda-forge/noarch/rdflib-7.6.0-pyhcf101f3_0.conda#1ba0ceffa17c51959fa5c0996449266d
https://conda.anaconda.org/conda-forge/noarch/typing-extensions-4.16.0-h69aa097_0.conda#c680b5747e8c4c8f23dca0bb7042a8fc
https://conda.anaconda.org/conda-forge/noarch/url-normalize-3.0.0-pyhd8ed1ab_0.conda#49b01263c5348a30838ba148a30126cf
https://conda.anaconda.org/conda-forge/noarch/wheel-0.47.0-pyhd8ed1ab_0.conda#d0e3b2f0030cf4fca58bde71d246e94c
https://conda.anaconda.org/conda-forge/noarch/annotated-types-0.7.0-pyhd8ed1ab_1.conda#2934f256a8acfe48f6ebb4fce6cde29c
https://conda.anaconda.org/conda-forge/noarch/cattrs-26.1.0-pyhcf101f3_1.conda#eb57a77657c275d8d0b3542b070f484c
https://conda.anaconda.org/conda-forge/noarch/owlrl-7.1.4-pyhe01879c_0.conda#6a091af7f527e3f04482bf7e9065a978
https://conda.anaconda.org/conda-forge/noarch/pip-26.1.2-pyh8b19718_0.conda#511fbc2c63d2c73650ad1755e4d357ba
https://conda.anaconda.org/conda-forge/osx-64/pydantic-core-2.14.6-py312h6e28e45_1.conda#21fbf694fb1cc56da4c1ddeefb2fbee6
https://conda.anaconda.org/conda-forge/noarch/rdflib-with-html-7.6.0-hfbe710b_0.conda#43761febe557f793d621602cc1a30698
https://conda.anaconda.org/conda-forge/osx-64/zstandard-0.22.0-py312h7a629f7_0.conda#04fa0acf5a74339f9228cdfffa78df64
https://conda.anaconda.org/conda-forge/noarch/pydantic-2.5.3-pyhd8ed1ab_0.conda#3569001fd8b37e542aaefdf5de124e19
https://conda.anaconda.org/conda-forge/noarch/pyshacl-0.31.0-pyhcf101f3_0.conda#372abdc226c0f9c415250e05291b6734
https://conda.anaconda.org/conda-forge/noarch/urllib3-2.5.0-pyhd8ed1ab_0.conda#436c165519e140cb08d246a4472a9d6a
https://conda.anaconda.org/conda-forge/noarch/botocore-1.43.39-pyhd8ed1ab_0.conda#86405728dad2cb65223e5c96a64952af
https://conda.anaconda.org/conda-forge/noarch/requests-2.34.2-pyhcf101f3_0.conda#4a85203c1d80c1059086ae860836ffb9
https://conda.anaconda.org/conda-forge/noarch/requests-cache-1.2.1-pyhd8ed1ab_1.conda#584e6aab3a5cffde537c575ad6a673ff
https://conda.anaconda.org/conda-forge/noarch/requests-toolbelt-1.0.0-pyhd8ed1ab_1.conda#66de8645e324fda0ea6ef28c2f99a2ab
https://conda.anaconda.org/conda-forge/noarch/s3transfer-0.19.0-pyhd8ed1ab_0.conda#a359066b94e013283b7e11559fbb19fc
https://conda.anaconda.org/conda-forge/noarch/boto3-1.43.39-pyhd8ed1ab_0.conda#5df472114bb984c6a7d74139de2597fa
https://conda.anaconda.org/conda-forge/noarch/coscine-0.12.0-pyhd8ed1ab_0.conda#f47158773a79d659fb4092dc3899361b
