# Generated by conda-lock.
# platform: linux-aarch64
# input_hash: 53a6d0b8341522e1c9a9cf5f175b7f05aebfde392f05f5133535693b0a2cc02d
@EXPLICIT
https://conda.anaconda.org/conda-forge/linux-aarch64/libgomp-15.2.0-h8acb6b2_19.conda#c5e8a379c4a2ec2aea4ba22758c001d9
https://conda.anaconda.org/conda-forge/linux-aarch64/libzlib-1.3.2-hdc9db2a_2.conda#502006882cf5461adced436e410046d1
https://conda.anaconda.org/conda-forge/noarch/python_abi-3.14-8_cp314.conda#0539938c55b6b1a59b560e843ad864a4
https://conda.anaconda.org/conda-forge/noarch/tzdata-2025c-hc9c84f9_1.conda#ad659d0a2b3e47e38d829aa8cad2d610
https://conda.anaconda.org/conda-forge/linux-aarch64/_openmp_mutex-4.5-20_gnu.conda#468fd3bb9e1f671d36c2cbc677e56f1d
https://conda.anaconda.org/conda-forge/noarch/ca-certificates-2026.6.17-hbd8a1cb_0.conda#a9965dd99f683c5f444428f896635716
https://conda.anaconda.org/conda-forge/linux-aarch64/zstd-1.5.7-h85ac4a6_6.conda#c3655f82dcea2aa179b291e7099c1fcc
https://conda.anaconda.org/conda-forge/linux-aarch64/ld_impl_linux-aarch64-2.45.1-default_h1979696_102.conda#a21644fc4a83da26452a718dc9468d5f
https://conda.anaconda.org/conda-forge/linux-aarch64/libgcc-15.2.0-h8acb6b2_19.conda#f35b3f52d0a2ec4ffe3c89ba135cdb9a
https://conda.anaconda.org/conda-forge/linux-aarch64/bzip2-1.0.8-h4777abc_9.conda#840d8fc0d7b3209be93080bc20e07f2d
https://conda.anaconda.org/conda-forge/linux-aarch64/libexpat-2.8.1-hfae3067_1.conda#fac3b65a605cd253037fdf3daf2de8d9
https://conda.anaconda.org/conda-forge/linux-aarch64/libffi-3.5.2-h376a255_0.conda#2f364feefb6a7c00423e80dcb12db62a
https://conda.anaconda.org/conda-forge/linux-aarch64/liblzma-5.8.3-he30d5cf_0.conda#76298a9e6d71ee6e832a8d0d7373b261
https://conda.anaconda.org/conda-forge/linux-aarch64/libmpdec-4.0.0-he30d5cf_1.conda#7b9813e885482e3ccb1fa212b86d7fd0
https://conda.anaconda.org/conda-forge/linux-aarch64/libstdcxx-15.2.0-hef695bb_19.conda#543fbc8d71f2a0baf04cf88ce96cb8bb
https://conda.anaconda.org/conda-forge/linux-aarch64/libuuid-2.42.2-h1022ec0_0.conda#58fa42bc4bc71fc329889497ec15effb
https://conda.anaconda.org/conda-forge/linux-aarch64/ncurses-6.6-hf8d1292_0.conda#b2a43456aa56fe80c2477a5094899eff
https://conda.anaconda.org/conda-forge/linux-aarch64/openssl-3.6.3-h546c87b_0.conda#fa6260b3e6eababf6ca85a7eb3336383
https://conda.anaconda.org/conda-forge/linux-aarch64/tk-8.6.13-noxft_h0dc03b3_103.conda#7fc6affb9b01e567d2ef1d05b84aa6ed
https://conda.anaconda.org/conda-forge/linux-aarch64/yaml-0.2.5-h80f16a2_3.conda#032d8030e4a24fe1f72c74423a46fb88
https://conda.anaconda.org/conda-forge/linux-aarch64/icu-78.3-hcab7f73_0.conda#546da38c2fa9efacf203e2ad3f987c59
https://conda.anaconda.org/conda-forge/linux-aarch64/readline-8.3-hb682ff5_0.conda#3d49cad61f829f4f0e0611547a9cda12
https://conda.anaconda.org/conda-forge/linux-aarch64/libsqlite-3.53.3-h10b116e_0.conda#2cd50877f494b34383af22560ced8b04
https://conda.anaconda.org/conda-forge/linux-aarch64/python-3.14.6-hc679e19_100_cp314.conda#416c74941d13d9f2b9e68b1a900f7f50
https://conda.anaconda.org/conda-forge/noarch/attrs-26.1.0-pyhcf101f3_0.conda#c6b0543676ecb1fb2d7643941fe375f2
https://conda.anaconda.org/conda-forge/noarch/backports.zstd-1.6.0-py314h680f03e_0.conda#40d89d8546ad6e139e73ec8f6d56068b
https://conda.anaconda.org/conda-forge/linux-aarch64/brotli-python-1.2.0-py314h352cb57_1.conda#a1b5c571a0923a205d663d8678df4792
https://conda.anaconda.org/conda-forge/noarch/certifi-2026.6.17-pyhd8ed1ab_0.conda#c13824fedced67005d3832c152fe9c2f
https://conda.anaconda.org/conda-forge/noarch/charset-normalizer-3.4.9-pyhd8ed1ab_0.conda#d154b40b109e503430979e8a8d099eaf
https://conda.anaconda.org/conda-forge/noarch/hpack-4.2.0-pyhd8ed1ab_0.conda#b395909221b9bd1df066e5930e18855b
https://conda.anaconda.org/conda-forge/noarch/html5rdf-1.2.1-pyhd8ed1ab_1.conda#ec94a20bacd65fcd3d31f352e32dcb3f
https://conda.anaconda.org/conda-forge/noarch/hyperframe-6.1.0-pyhd8ed1ab_0.conda#8e6923fc12f1fe8f8c4e5c9f343256ac
https://conda.anaconda.org/conda-forge/noarch/idna-3.18-pyhcf101f3_0.conda#577b04680ae422adb86fc60d7b940659
https://conda.anaconda.org/conda-forge/noarch/isodate-0.7.2-pyhd8ed1ab_1.conda#14c42a6334f38c412449f5a5e4043a5a
https://conda.anaconda.org/conda-forge/noarch/itsdangerous-2.2.0-pyhd8ed1ab_1.conda#7ac5f795c15f288984e32add616cdc59
https://conda.anaconda.org/conda-forge/noarch/jmespath-1.1.0-pyhcf101f3_1.conda#cc73a9bd315659dc5307a5270f44786f
https://conda.anaconda.org/conda-forge/noarch/packaging-26.2-pyhc364b38_0.conda#4c06a92e74452cfa53623a81592e8934
https://conda.anaconda.org/conda-forge/noarch/pip-26.1.2-pyh145f28c_0.conda#733cc07ed34162ac50b936464b163366
https://conda.anaconda.org/conda-forge/noarch/platformdirs-4.10.0-pyhcf101f3_0.conda#2c5ef45db85d34799771629bd5860fd7
https://conda.anaconda.org/conda-forge/noarch/pyparsing-3.3.2-pyhcf101f3_0.conda#3687cc0b82a8b4c17e1f0eb7e47163d5
https://conda.anaconda.org/conda-forge/noarch/pysocks-1.7.1-pyha55dd90_7.conda#461219d1a5bd61342293efa2c0c90eac
https://conda.anaconda.org/conda-forge/linux-aarch64/pyyaml-6.0.3-py314h807365f_1.conda#9ae2c92975118058bd720e9ba2bb7c58
https://conda.anaconda.org/conda-forge/noarch/setuptools-82.0.1-pyh332efcf_0.conda#8e194e7b992f99a5015edbd4ebd38efd
https://conda.anaconda.org/conda-forge/noarch/six-1.17.0-pyhe01879c_1.conda#3339e3b65d58accf4ca4fb8748ab16b3
https://conda.anaconda.org/conda-forge/noarch/tabulate-0.10.0-pyhcf101f3_0.conda#3b887b7b3468b0f494b4fad40178b043
https://conda.anaconda.org/conda-forge/noarch/tqdm-4.68.4-pyh8f84b5b_0.conda#54772f97dc361b1659ef0b34d71d39b4
https://conda.anaconda.org/conda-forge/noarch/typing_extensions-4.16.0-pyhcf101f3_0.conda#c70ad746c22219b9700931707482992c
https://conda.anaconda.org/conda-forge/linux-aarch64/ujson-5.13.0-py314he6363bd_0.conda#76a2a45d5e1aab4b1c68f2f752d92639
https://conda.anaconda.org/conda-forge/noarch/wcwidth-0.8.2-pyhd8ed1ab_0.conda#99f7755ec8648a042b0dbe906234f888
https://conda.anaconda.org/conda-forge/noarch/zipp-4.1.0-pyhcf101f3_0.conda#ba3dcdc8584155c97c648ae9c044b7a3
https://conda.anaconda.org/conda-forge/noarch/exceptiongroup-1.3.1-pyhd8ed1ab_0.conda#8e662bd460bda79b1ea39194e3c4c9ab
https://conda.anaconda.org/conda-forge/noarch/h2-4.3.0-pyhcf101f3_0.conda#164fc43f0b53b6e3a7bc7dce5e4f1dc9
https://conda.anaconda.org/conda-forge/noarch/importlib-metadata-9.0.0-pyhcf101f3_0.conda#ffc17e785d64e12fc311af9184221839
https://conda.anaconda.org/conda-forge/noarch/prettytable-3.18.0-pyhd8ed1ab_0.conda#5bfa6d6ff0b4dbff82268ddc83626cee
https://conda.anaconda.org/conda-forge/noarch/python-dateutil-2.9.0.post0-pyhe01879c_2.conda#5b8d21249ff20967101ffa321cab24e8
https://conda.anaconda.org/conda-forge/noarch/rdflib-7.6.0-pyhcf101f3_0.conda#1ba0ceffa17c51959fa5c0996449266d
https://conda.anaconda.org/conda-forge/noarch/typing-extensions-4.16.0-h69aa097_0.conda#c680b5747e8c4c8f23dca0bb7042a8fc
https://conda.anaconda.org/conda-forge/noarch/typing-inspection-0.4.2-pyhcf101f3_2.conda#53f5409c5cfd6c5a66417d68e3f0a864
https://conda.anaconda.org/conda-forge/noarch/url-normalize-3.0.0-pyhd8ed1ab_0.conda#49b01263c5348a30838ba148a30126cf
https://conda.anaconda.org/conda-forge/noarch/annotated-types-0.7.0-pyhd8ed1ab_1.conda#2934f256a8acfe48f6ebb4fce6cde29c
https://conda.anaconda.org/conda-forge/noarch/cattrs-26.1.0-pyhcf101f3_1.conda#eb57a77657c275d8d0b3542b070f484c
https://conda.anaconda.org/conda-forge/noarch/owlrl-7.6.2-pyhcf101f3_0.conda#fd466094617be13a86f7ebe4b86c4af5
https://conda.anaconda.org/conda-forge/linux-aarch64/pydantic-core-2.46.4-py314h451b6cc_0.conda#9c3ace6aba6df14b943256095ac1281e
https://conda.anaconda.org/conda-forge/noarch/rdflib-with-html-7.6.0-hfbe710b_0.conda#43761febe557f793d621602cc1a30698
https://conda.anaconda.org/conda-forge/noarch/urllib3-2.7.0-pyhd8ed1ab_0.conda#cbb88288f74dbe6ada1c6c7d0a97223e
https://conda.anaconda.org/conda-forge/noarch/botocore-1.43.42-pyhd8ed1ab_0.conda#5945e226b15853ba7e432eea4b0e0b5d
https://conda.anaconda.org/conda-forge/noarch/pydantic-2.13.4-pyhcf101f3_0.conda#729843edafc0899b3348bd3f19525b9d
https://conda.anaconda.org/conda-forge/noarch/pyshacl-0.40.0-pyhcf101f3_0.conda#6a61a8a6fbc088d92fe5d4cb46a1754b
https://conda.anaconda.org/conda-forge/noarch/requests-2.34.2-pyhcf101f3_0.conda#4a85203c1d80c1059086ae860836ffb9
https://conda.anaconda.org/conda-forge/noarch/requests-cache-1.2.1-pyhd8ed1ab_1.conda#584e6aab3a5cffde537c575ad6a673ff
https://conda.anaconda.org/conda-forge/noarch/requests-toolbelt-1.0.0-pyhd8ed1ab_1.conda#66de8645e324fda0ea6ef28c2f99a2ab
https://conda.anaconda.org/conda-forge/noarch/s3transfer-0.19.0-pyhd8ed1ab_0.conda#a359066b94e013283b7e11559fbb19fc
https://conda.anaconda.org/conda-forge/noarch/boto3-1.43.41-pyhd8ed1ab_0.conda#d565aa6ee8055ca78205670888d5d5f4
https://conda.anaconda.org/conda-forge/noarch/coscine-0.12.0-pyhd8ed1ab_0.conda#f47158773a79d659fb4092dc3899361b
